// !$*UTF8*$!
{
	archiveVersion = 1;
	classes = {
	};
	objectVersion = 45;
	objects = {

/* Begin PBXBuildFile section */
		1D3623260D0F684500981E51 /* PineappleAppDelegate.m in Sources */ = {isa = PBXBuildFile; fileRef = 1D3623250D0F684500981E51 /* PineappleAppDelegate.m */; };
		1D60589B0D05DD56006BFB54 /* main.m in Sources */ = {isa = PBXBuildFile; fileRef = 29B97316FDCFA39411CA2CEA /* main.m */; };
		1D60589F0D05DD5A006BFB54 /* Foundation.framework in Frameworks */ = {isa = PBXBuildFile; fileRef = 1D30AB110D05D00D00671497 /* Foundation.framework */; };
		1DF5F4E00D08C38300B7A737 /* UIKit.framework in Frameworks */ = {isa = PBXBuildFile; fileRef = 1DF5F4DF0D08C38300B7A737 /* UIKit.framework */; };
		288765FD0DF74451002DB57D /* CoreGraphics.framework in Frameworks */ = {isa = PBXBuildFile; fileRef = 288765FC0DF74451002DB57D /* CoreGraphics.framework */; };
		28AD733F0D9D9553002E5188 /* MainWindow.xib in Resources */ = {isa = PBXBuildFile; fileRef = 28AD733E0D9D9553002E5188 /* MainWindow.xib */; };
		555297B812E8FDB6007B1977 /* NSData+Base64.m in Sources */ = {isa = PBXBuildFile; fileRef = 555297B712E8FDB6007B1977 /* NSData+Base64.m */; };
		8D051D681242CEBE00E729ED /* pineapple_large.png in Resources */ = {isa = PBXBuildFile; fileRef = 8D051D671242CEBE00E729ED /* pineapple_large.png */; };
		8D051FFE1243B96000E729ED /* JSONKit.m in Sources */ = {isa = PBXBuildFile; fileRef = 8D051FF71243B96000E729ED /* JSONKit.m */; };
		8D051FFF1243B96000E729ED /* PresentlyDialog.bundle in Resources */ = {isa = PBXBuildFile; fileRef = 8D051FF81243B96000E729ED /* PresentlyDialog.bundle */; };
		8D0520001243B96000E729ED /* Presently.m in Sources */ = {isa = PBXBuildFile; fileRef = 8D051FFB1243B96000E729ED /* Presently.m */; };
		8D0520011243B96000E729ED /* PresentlyRequest.m in Sources */ = {isa = PBXBuildFile; fileRef = 8D051FFD1243B96000E729ED /* PresentlyRequest.m */; };
		8D05204E1243C6B100E729ED /* UpdatesViewController.m in Sources */ = {isa = PBXBuildFile; fileRef = 8D05204D1243C6B100E729ED /* UpdatesViewController.m */; };
		8D0520501243C6F700E729ED /* UpdatesView.xib in Resources */ = {isa = PBXBuildFile; fileRef = 8D05204F1243C6F700E729ED /* UpdatesView.xib */; };
		8D0521411243E60900E729ED /* UpdateCell.xib in Resources */ = {isa = PBXBuildFile; fileRef = 8D0521401243E60900E729ED /* UpdateCell.xib */; };
		8D05218E1243F19600E729ED /* NSDate+timeAgoInWords.m in Sources */ = {isa = PBXBuildFile; fileRef = 8D05218D1243F19600E729ED /* NSDate+timeAgoInWords.m */; };
		8D05221A1243FED400E729ED /* pineapple_small.png in Resources */ = {isa = PBXBuildFile; fileRef = 8D0522191243FED400E729ED /* pineapple_small.png */; };
/* End PBXBuildFile section */

/* Begin PBXFileReference section */
		1D30AB110D05D00D00671497 /* Foundation.framework */ = {isa = PBXFileReference; lastKnownFileType = wrapper.framework; name = Foundation.framework; path = System/Library/Frameworks/Foundation.framework; sourceTree = SDKROOT; };
		1D3623240D0F684500981E51 /* PineappleAppDelegate.h */ = {isa = PBXFileReference; fileEncoding = 4; lastKnownFileType = sourcecode.c.h; path = PineappleAppDelegate.h; sourceTree = "<group>"; };
		1D3623250D0F684500981E51 /* PineappleAppDelegate.m */ = {isa = PBXFileReference; fileEncoding = 4; lastKnownFileType = sourcecode.c.objc; path = PineappleAppDelegate.m; sourceTree = "<group>"; };
		1D6058910D05DD3D006BFB54 /* Pineapple.app */ = {isa = PBXFileReference; explicitFileType = wrapper.application; includeInIndex = 0; path = Pineapple.app; sourceTree = BUILT_PRODUCTS_DIR; };
		1DF5F4DF0D08C38300B7A737 /* UIKit.framework */ = {isa = PBXFileReference; lastKnownFileType = wrapper.framework; name = UIKit.framework; path = System/Library/Frameworks/UIKit.framework; sourceTree = SDKROOT; };
		288765FC0DF74451002DB57D /* CoreGraphics.framework */ = {isa = PBXFileReference; lastKnownFileType = wrapper.framework; name = CoreGraphics.framework; path = System/Library/Frameworks/CoreGraphics.framework; sourceTree = SDKROOT; };
		28AD733E0D9D9553002E5188 /* MainWindow.xib */ = {isa = PBXFileReference; lastKnownFileType = file.xib; path = MainWindow.xib; sourceTree = "<group>"; };
		29B97316FDCFA39411CA2CEA /* main.m */ = {isa = PBXFileReference; fileEncoding = 4; lastKnownFileType = sourcecode.c.objc; path = main.m; sourceTree = "<group>"; };
		32CA4F630368D1EE00C91783 /* Pineapple_Prefix.pch */ = {isa = PBXFileReference; fileEncoding = 4; lastKnownFileType = sourcecode.c.h; path = Pineapple_Prefix.pch; sourceTree = "<group>"; };
		555297B612E8FDB6007B1977 /* NSData+Base64.h */ = {isa = PBXFileReference; fileEncoding = 4; lastKnownFileType = sourcecode.c.h; name = "NSData+Base64.h"; path = "../../../../Downloads/NSData_Base64/NSData+Base64.h"; sourceTree = SOURCE_ROOT; };
		555297B712E8FDB6007B1977 /* NSData+Base64.m */ = {isa = PBXFileReference; fileEncoding = 4; lastKnownFileType = sourcecode.c.objc; name = "NSData+Base64.m"; path = "../../../../Downloads/NSData_Base64/NSData+Base64.m"; sourceTree = SOURCE_ROOT; };
		8D051D671242CEBE00E729ED /* pineapple_large.png */ = {isa = PBXFileReference; lastKnownFileType = image.png; path = pineapple_large.png; sourceTree = "<group>"; };
		8D051FF61243B96000E729ED /* JSONKit.h */ = {isa = PBXFileReference; fileEncoding = 4; lastKnownFileType = sourcecode.c.h; name = JSONKit.h; path = ../../src/JSONKit.h; sourceTree = SOURCE_ROOT; };
		8D051FF71243B96000E729ED /* JSONKit.m */ = {isa = PBXFileReference; fileEncoding = 4; lastKnownFileType = sourcecode.c.objc; name = JSONKit.m; path = ../../src/JSONKit.m; sourceTree = SOURCE_ROOT; };
		8D051FF81243B96000E729ED /* PresentlyDialog.bundle */ = {isa = PBXFileReference; lastKnownFileType = "wrapper.plug-in"; name = PresentlyDialog.bundle; path = ../../src/PresentlyDialog.bundle; sourceTree = SOURCE_ROOT; };
		8D051FF91243B96000E729ED /* PresentlyConnect.h */ = {isa = PBXFileReference; fileEncoding = 4; lastKnownFileType = sourcecode.c.h; name = PresentlyConnect.h; path = ../../src/PresentlyConnect.h; sourceTree = SOURCE_ROOT; };
		8D051FFA1243B96000E729ED /* Presently.h */ = {isa = PBXFileReference; fileEncoding = 4; lastKnownFileType = sourcecode.c.h; name = Presently.h; path = ../../src/Presently.h; sourceTree = SOURCE_ROOT; };
		8D051FFB1243B96000E729ED /* Presently.m */ = {isa = PBXFileReference; fileEncoding = 4; lastKnownFileType = sourcecode.c.objc; name = Presently.m; path = ../../src/Presently.m; sourceTree = SOURCE_ROOT; };
		8D051FFC1243B96000E729ED /* PresentlyRequest.h */ = {isa = PBXFileReference; fileEncoding = 4; lastKnownFileType = sourcecode.c.h; name = PresentlyRequest.h; path = ../../src/PresentlyRequest.h; sourceTree = SOURCE_ROOT; };
		8D051FFD1243B96000E729ED /* PresentlyRequest.m */ = {isa = PBXFileReference; fileEncoding = 4; lastKnownFileType = sourcecode.c.objc; name = PresentlyRequest.m; path = ../../src/PresentlyRequest.m; sourceTree = SOURCE_ROOT; };
		8D05204C1243C6B100E729ED /* UpdatesViewController.h */ = {isa = PBXFileReference; fileEncoding = 4; lastKnownFileType = sourcecode.c.h; path = UpdatesViewController.h; sourceTree = "<group>"; };
		8D05204D1243C6B100E729ED /* UpdatesViewController.m */ = {isa = PBXFileReference; fileEncoding = 4; lastKnownFileType = sourcecode.c.objc; path = UpdatesViewController.m; sourceTree = "<group>"; };
		8D05204F1243C6F700E729ED /* UpdatesView.xib */ = {isa = PBXFileReference; lastKnownFileType = file.xib; path = UpdatesView.xib; sourceTree = "<group>"; };
		8D0521401243E60900E729ED /* UpdateCell.xib */ = {isa = PBXFileReference; lastKnownFileType = file.xib; path = UpdateCell.xib; sourceTree = "<group>"; };
		8D05218C1243F19600E729ED /* NSDate+timeAgoInWords.h */ = {isa = PBXFileReference; fileEncoding = 4; lastKnownFileType = sourcecode.c.h; path = "NSDate+timeAgoInWords.h"; sourceTree = "<group>"; };
		8D05218D1243F19600E729ED /* NSDate+timeAgoInWords.m */ = {isa = PBXFileReference; fileEncoding = 4; lastKnownFileType = sourcecode.c.objc; path = "NSDate+timeAgoInWords.m"; sourceTree = "<group>"; };
		8D0522191243FED400E729ED /* pineapple_small.png */ = {isa = PBXFileReference; lastKnownFileType = image.png; path = pineapple_small.png; sourceTree = "<group>"; };
		8D1107310486CEB800E47090 /* Pineapple-Info.plist */ = {isa = PBXFileReference; fileEncoding = 4; lastKnownFileType = text.plist.xml; path = "Pineapple-Info.plist"; plistStructureDefinitionIdentifier = "com.apple.xcode.plist.structure-definition.iphone.info-plist"; sourceTree = "<group>"; };
/* End PBXFileReference section */

/* Begin PBXFrameworksBuildPhase section */
		1D60588F0D05DD3D006BFB54 /* Frameworks */ = {
			isa = PBXFrameworksBuildPhase;
			buildActionMask = 2147483647;
			files = (
				1D60589F0D05DD5A006BFB54 /* Foundation.framework in Frameworks */,
				1DF5F4E00D08C38300B7A737 /* UIKit.framework in Frameworks */,
				288765FD0DF74451002DB57D /* CoreGraphics.framework in Frameworks */,
			);
			runOnlyForDeploymentPostprocessing = 0;
		};
/* End PBXFrameworksBuildPhase section */

/* Begin PBXGroup section */
		080E96DDFE201D6D7F000001 /* Classes */ = {
			isa = PBXGroup;
			children = (
				1D3623240D0F684500981E51 /* PineappleAppDelegate.h */,
				1D3623250D0F684500981E51 /* PineappleAppDelegate.m */,
				8D05204C1243C6B100E729ED /* UpdatesViewController.h */,
				8D05204D1243C6B100E729ED /* UpdatesViewController.m */,
			);
			path = Classes;
			sourceTree = "<group>";
		};
		19C28FACFE9D520D11CA2CBB /* Products */ = {
			isa = PBXGroup;
			children = (
				1D6058910D05DD3D006BFB54 /* Pineapple.app */,
			);
			name = Products;
			sourceTree = "<group>";
		};
		29B97314FDCFA39411CA2CEA /* CustomTemplate */ = {
			isa = PBXGroup;
			children = (
				8D051FF41243B96000E729ED /* PresentlyConnect */,
				080E96DDFE201D6D7F000001 /* Classes */,
				29B97315FDCFA39411CA2CEA /* Other Sources */,
				29B97317FDCFA39411CA2CEA /* Resources */,
				29B97323FDCFA39411CA2CEA /* Frameworks */,
				19C28FACFE9D520D11CA2CBB /* Products */,
			);
			name = CustomTemplate;
			sourceTree = "<group>";
		};
		29B97315FDCFA39411CA2CEA /* Other Sources */ = {
			isa = PBXGroup;
			children = (
				555297B612E8FDB6007B1977 /* NSData+Base64.h */,
				555297B712E8FDB6007B1977 /* NSData+Base64.m */,
				8D05218C1243F19600E729ED /* NSDate+timeAgoInWords.h */,
				8D05218D1243F19600E729ED /* NSDate+timeAgoInWords.m */,
				32CA4F630368D1EE00C91783 /* Pineapple_Prefix.pch */,
				29B97316FDCFA39411CA2CEA /* main.m */,
			);
			name = "Other Sources";
			sourceTree = "<group>";
		};
		29B97317FDCFA39411CA2CEA /* Resources */ = {
			isa = PBXGroup;
			children = (
				8D0522191243FED400E729ED /* pineapple_small.png */,
				8D051D671242CEBE00E729ED /* pineapple_large.png */,
				28AD733E0D9D9553002E5188 /* MainWindow.xib */,
				8D05204F1243C6F700E729ED /* UpdatesView.xib */,
				8D0521401243E60900E729ED /* UpdateCell.xib */,
				8D1107310486CEB800E47090 /* Pineapple-Info.plist */,
			);
			name = Resources;
			sourceTree = "<group>";
		};
		29B97323FDCFA39411CA2CEA /* Frameworks */ = {
			isa = PBXGroup;
			children = (
				1DF5F4DF0D08C38300B7A737 /* UIKit.framework */,
				1D30AB110D05D00D00671497 /* Foundation.framework */,
				288765FC0DF74451002DB57D /* CoreGraphics.framework */,
			);
			name = Frameworks;
			sourceTree = "<group>";
		};
		8D051FF41243B96000E729ED /* PresentlyConnect */ = {
			isa = PBXGroup;
			children = (
				8D051FF81243B96000E729ED /* PresentlyDialog.bundle */,
				8D051FF91243B96000E729ED /* PresentlyConnect.h */,
				8D051FFA1243B96000E729ED /* Presently.h */,
				8D051FFB1243B96000E729ED /* Presently.m */,
				8D051FFC1243B96000E729ED /* PresentlyRequest.h */,
				8D051FFD1243B96000E729ED /* PresentlyRequest.m */,
				8D051FF51243B96000E729ED /* JSON */,
			);
			name = PresentlyConnect;
			sourceTree = "<group>";
		};
		8D051FF51243B96000E729ED /* JSON */ = {
			isa = PBXGroup;
			children = (
				8D051FF61243B96000E729ED /* JSONKit.h */,
				8D051FF71243B96000E729ED /* JSONKit.m */,
			);
			name = JSON;
			sourceTree = "<group>";
		};
/* End PBXGroup section */

/* Begin PBXNativeTarget section */
		1D6058900D05DD3D006BFB54 /* Pineapple */ = {
			isa = PBXNativeTarget;
			buildConfigurationList = 1D6058960D05DD3E006BFB54 /* Build configuration list for PBXNativeTarget "Pineapple" */;
			buildPhases = (
				1D60588D0D05DD3D006BFB54 /* Resources */,
				1D60588E0D05DD3D006BFB54 /* Sources */,
				1D60588F0D05DD3D006BFB54 /* Frameworks */,
			);
			buildRules = (
			);
			dependencies = (
			);
			name = Pineapple;
			productName = Pineapple;
			productReference = 1D6058910D05DD3D006BFB54 /* Pineapple.app */;
			productType = "com.apple.product-type.application";
		};
/* End PBXNativeTarget section */

/* Begin PBXProject section */
		29B97313FDCFA39411CA2CEA /* Project object */ = {
			isa = PBXProject;
			buildConfigurationList = C01FCF4E08A954540054247B /* Build configuration list for PBXProject "Pineapple" */;
			compatibilityVersion = "Xcode 3.1";
			developmentRegion = English;
			hasScannedForEncodings = 1;
			knownRegions = (
				English,
				Japanese,
				French,
				German,
			);
			mainGroup = 29B97314FDCFA39411CA2CEA /* CustomTemplate */;
			projectDirPath = "";
			projectRoot = "";
			targets = (
				1D6058900D05DD3D006BFB54 /* Pineapple */,
			);
		};
/* End PBXProject section */

/* Begin PBXResourcesBuildPhase section */
		1D60588D0D05DD3D006BFB54 /* Resources */ = {
			isa = PBXResourcesBuildPhase;
			buildActionMask = 2147483647;
			files = (
				28AD733F0D9D9553002E5188 /* MainWindow.xib in Resources */,
				8D051D681242CEBE00E729ED /* pineapple_large.png in Resources */,
				8D051FFF1243B96000E729ED /* PresentlyDialog.bundle in Resources */,
				8D0520501243C6F700E729ED /* UpdatesView.xib in Resources */,
				8D0521411243E60900E729ED /* UpdateCell.xib in Resources */,
				8D05221A1243FED400E729ED /* pineapple_small.png in Resources */,
			);
			runOnlyForDeploymentPostprocessing = 0;
		};
/* End PBXResourcesBuildPhase section */

/* Begin PBXSourcesBuildPhase section */
		1D60588E0D05DD3D006BFB54 /* Sources */ = {
			isa = PBXSourcesBuildPhase;
			buildActionMask = 2147483647;
			files = (
				1D60589B0D05DD56006BFB54 /* main.m in Sources */,
				1D3623260D0F684500981E51 /* PineappleAppDelegate.m in Sources */,
				8D051FFE1243B96000E729ED /* JSONKit.m in Sources */,
				8D0520001243B96000E729ED /* Presently.m in Sources */,
				8D0520011243B96000E729ED /* PresentlyRequest.m in Sources */,
				8D05204E1243C6B100E729ED /* UpdatesViewController.m in Sources */,
				8D05218E1243F19600E729ED /* NSDate+timeAgoInWords.m in Sources */,
				555297B812E8FDB6007B1977 /* NSData+Base64.m in Sources */,
			);
			runOnlyForDeploymentPostprocessing = 0;
		};
/* End PBXSourcesBuildPhase section */

/* Begin XCBuildConfiguration section */
		1D6058940D05DD3E006BFB54 /* Debug */ = {
			isa = XCBuildConfiguration;
			buildSettings = {
				ALWAYS_SEARCH_USER_PATHS = NO;
				COPY_PHASE_STRIP = NO;
				GCC_DYNAMIC_NO_PIC = NO;
				GCC_OPTIMIZATION_LEVEL = 0;
				GCC_PRECOMPILE_PREFIX_HEADER = YES;
				GCC_PREFIX_HEADER = Pineapple_Prefix.pch;
				INFOPLIST_FILE = "Pineapple-Info.plist";
				PRODUCT_NAME = Pineapple;
			};
			name = Debug;
		};
		1D6058950D05DD3E006BFB54 /* Release */ = {
			isa = XCBuildConfiguration;
			buildSettings = {
				ALWAYS_SEARCH_USER_PATHS = NO;
				COPY_PHASE_STRIP = YES;
				GCC_PRECOMPILE_PREFIX_HEADER = YES;
				GCC_PREFIX_HEADER = Pineapple_Prefix.pch;
				INFOPLIST_FILE = "Pineapple-Info.plist";
				PRODUCT_NAME = Pineapple;
				VALIDATE_PRODUCT = YES;
			};
			name = Release;
		};
		C01FCF4F08A954540054247B /* Debug */ = {
			isa = XCBuildConfiguration;
			buildSettings = {
				ARCHS = "$(ARCHS_STANDARD_32_BIT)";
				"CODE_SIGN_IDENTITY[sdk=iphoneos*]" = "Don't Code Sign";
				GCC_C_LANGUAGE_STANDARD = c99;
				GCC_WARN_ABOUT_RETURN_TYPE = YES;
				GCC_WARN_UNUSED_VARIABLE = YES;
				PREBINDING = NO;
				"PROVISIONING_PROFILE[sdk=iphoneos*]" = "";
				SDKROOT = iphoneos;
			};
			name = Debug;
		};
		C01FCF5008A954540054247B /* Release */ = {
			isa = XCBuildConfiguration;
			buildSettings = {
				ARCHS = "$(ARCHS_STANDARD_32_BIT)";
				"CODE_SIGN_IDENTITY[sdk=iphoneos*]" = "Don't Code Sign";
				GCC_C_LANGUAGE_STANDARD = c99;
				GCC_WARN_ABOUT_RETURN_TYPE = YES;
				GCC_WARN_UNUSED_VARIABLE = YES;
				OTHER_CFLAGS = "-DNS_BLOCK_ASSERTIONS=1";
				PREBINDING = NO;
				"PROVISIONING_PROFILE[sdk=iphoneos*]" = "";
				SDKROOT = iphoneos;
			};
			name = Release;
		};
/* End XCBuildConfiguration section */

/* Begin XCConfigurationList section */
		1D6058960D05DD3E006BFB54 /* Build configuration list for PBXNativeTarget "Pineapple" */ = {
			isa = XCConfigurationList;
			buildConfigurations = (
				1D6058940D05DD3E006BFB54 /* Debug */,
				1D6058950D05DD3E006BFB54 /* Release */,
			);
			defaultConfigurationIsVisible = 0;
			defaultConfigurationName = Release;
		};
		C01FCF4E08A954540054247B /* Build configuration list for PBXProject "Pineapple" */ = {
			isa = XCConfigurationList;
			buildConfigurations = (
				C01FCF4F08A954540054247B /* Debug */,
				C01FCF5008A954540054247B /* Release */,
			);
			defaultConfigurationIsVisible = 0;
			defaultConfigurationName = Release;
		};
/* End XCConfigurationList section */
	};
	rootObject = 29B97313FDCFA39411CA2CEA /* Project object */;
}
